
Microsoft Visual Studio Solution File, Format Version 12.00
# Visual Studio Version 16
VisualStudioVersion = 16.0.31702.278
MinimumVisualStudioVersion = 10.0.40219.1
Project("{FAE04EC0-301F-11D3-BF4B-00C04F79EFBC}") = "Accuracy", "Accuracy.csproj", "{DA3BDD84-42A1-47C5-BD56-AAD0A0A4FC40}"
EndProject
Global
	GlobalSection(SolutionConfigurationPlatforms) = preSolution
		Debug|Any CPU = Debug|Any CPU
		Release|Any CPU = Release|Any CPU
	EndGlobalSection
	GlobalSection(ProjectConfigurationPlatforms) = postSolution
		{DA3BDD84-42A1-47C5-BD56-AAD0A0A4FC40}.Debug|Any CPU.ActiveCfg = Debug|Any CPU
		{DA3BDD84-42A1-47C5-BD56-AAD0A0A4FC40}.Debug|Any CPU.Build.0 = Debug|Any CPU
		{DA3BDD84-42A1-47C5-BD56-AAD0A0A4FC40}.Release|Any CPU.ActiveCfg = Release|Any CPU
		{DA3BDD84-42A1-47C5-BD56-AAD0A0A4FC40}.Release|Any CPU.Build.0 = Release|Any CPU
	EndGlobalSection
	GlobalSection(SolutionProperties) = preSolution
		HideSolutionNode = FALSE
	EndGlobalSection
	GlobalSection(ExtensibilityGlobals) = postSolution
		SolutionGuid = {0FC52953-0921-4E97-8D24-737293AF14EA}
	EndGlobalSection
EndGlobal
